// !$*UTF8*$!
{
	archiveVersion = 1;
	classes = {
	};
	objectVersion = 50;
	objects = {

/* Begin PBXBuildFile section */
		600A0A762673B1CC0036E848 /* Currency.swift in Sources */ = {isa = PBXBuildFile; fileRef = 600A0A752673B1CC0036E848 /* Currency.swift */; };
		600A0A782673B1F00036E848 /* Quote.swift in Sources */ = {isa = PBXBuildFile; fileRef = 600A0A772673B1F00036E848 /* Quote.swift */; };
		600A0A7D2673B2B40036E848 /* QuoteTest.swift in Sources */ = {isa = PBXBuildFile; fileRef = 600A0A7C2673B2B40036E848 /* QuoteTest.swift */; };
		605680C32673B7EE008154B4 /* ComputeExchangeRateTest.swift in Sources */ = {isa = PBXBuildFile; fileRef = 605680C22673B7EE008154B4 /* ComputeExchangeRateTest.swift */; };
		605680C52673B991008154B4 /* ComputeExchangeRate.swift in Sources */ = {isa = PBXBuildFile; fileRef = 605680C42673B991008154B4 /* ComputeExchangeRate.swift */; };
		605680C72673BDDC008154B4 /* CurrencyValue.swift in Sources */ = {isa = PBXBuildFile; fileRef = 605680C62673BDDC008154B4 /* CurrencyValue.swift */; };
		605680C92673C079008154B4 /* ExchangeRateProvider.swift in Sources */ = {isa = PBXBuildFile; fileRef = 605680C82673C079008154B4 /* ExchangeRateProvider.swift */; };
		605680CD2673CFEF008154B4 /* ExchangeRateApi.swift in Sources */ = {isa = PBXBuildFile; fileRef = 605680CC2673CFEF008154B4 /* ExchangeRateApi.swift */; };
		605680CF2673D21F008154B4 /* SupportedCurrencyResponse.swift in Sources */ = {isa = PBXBuildFile; fileRef = 605680CE2673D21F008154B4 /* SupportedCurrencyResponse.swift */; };
		605680D12673D3F3008154B4 /* ExchangeRateApiTest.swift in Sources */ = {isa = PBXBuildFile; fileRef = 605680D02673D3F3008154B4 /* ExchangeRateApiTest.swift */; };
		605680D32673D71A008154B4 /* LiveDataResponse.swift in Sources */ = {isa = PBXBuildFile; fileRef = 605680D22673D71A008154B4 /* LiveDataResponse.swift */; };
		605680D52674CF21008154B4 /* ExchangeRateStore.swift in Sources */ = {isa = PBXBuildFile; fileRef = 605680D42674CF21008154B4 /* ExchangeRateStore.swift */; };
		605680D72674CFFA008154B4 /* ExchangeRateStoreTest.swift in Sources */ = {isa = PBXBuildFile; fileRef = 605680D62674CFFA008154B4 /* ExchangeRateStoreTest.swift */; };
		605680D92674F54F008154B4 /* ExchangeRateProviderFactory.swift in Sources */ = {isa = PBXBuildFile; fileRef = 605680D82674F54F008154B4 /* ExchangeRateProviderFactory.swift */; };
		605680DB2674F59A008154B4 /* ExchangeRateProviderTest.swift in Sources */ = {isa = PBXBuildFile; fileRef = 605680DA2674F59A008154B4 /* ExchangeRateProviderTest.swift */; };
		60AAD6C22673B13000B550FC /* AppDelegate.swift in Sources */ = {isa = PBXBuildFile; fileRef = 60AAD6C12673B13000B550FC /* AppDelegate.swift */; };
		60AAD6C42673B13000B550FC /* SceneDelegate.swift in Sources */ = {isa = PBXBuildFile; fileRef = 60AAD6C32673B13000B550FC /* SceneDelegate.swift */; };
		60AAD6C62673B13000B550FC /* ViewController.swift in Sources */ = {isa = PBXBuildFile; fileRef = 60AAD6C52673B13000B550FC /* ViewController.swift */; };
		60AAD6C92673B13000B550FC /* Main.storyboard in Resources */ = {isa = PBXBuildFile; fileRef = 60AAD6C72673B13000B550FC /* Main.storyboard */; };
		60AAD6CB2673B13100B550FC /* Assets.xcassets in Resources */ = {isa = PBXBuildFile; fileRef = 60AAD6CA2673B13100B550FC /* Assets.xcassets */; };
		60AAD6CE2673B13100B550FC /* LaunchScreen.storyboard in Resources */ = {isa = PBXBuildFile; fileRef = 60AAD6CC2673B13100B550FC /* LaunchScreen.storyboard */; };
		60AAD6E42673B13200B550FC /* exchangeUITests.swift in Sources */ = {isa = PBXBuildFile; fileRef = 60AAD6E32673B13200B550FC /* exchangeUITests.swift */; };
/* End PBXBuildFile section */

/* Begin PBXContainerItemProxy section */
		60AAD6D52673B13200B550FC /* PBXContainerItemProxy */ = {
			isa = PBXContainerItemProxy;
			containerPortal = 60AAD6B62673B12F00B550FC /* Project object */;
			proxyType = 1;
			remoteGlobalIDString = 60AAD6BD2673B12F00B550FC;
			remoteInfo = exchange;
		};
		60AAD6E02673B13200B550FC /* PBXContainerItemProxy */ = {
			isa = PBXContainerItemProxy;
			containerPortal = 60AAD6B62673B12F00B550FC /* Project object */;
			proxyType = 1;
			remoteGlobalIDString = 60AAD6BD2673B12F00B550FC;
			remoteInfo = exchange;
		};
/* End PBXContainerItemProxy section */

/* Begin PBXFileReference section */
		600A0A752673B1CC0036E848 /* Currency.swift */ = {isa = PBXFileReference; lastKnownFileType = sourcecode.swift; path = Currency.swift; sourceTree = "<group>"; };
		600A0A772673B1F00036E848 /* Quote.swift */ = {isa = PBXFileReference; lastKnownFileType = sourcecode.swift; path = Quote.swift; sourceTree = "<group>"; };
		600A0A7C2673B2B40036E848 /* QuoteTest.swift */ = {isa = PBXFileReference; lastKnownFileType = sourcecode.swift; path = QuoteTest.swift; sourceTree = "<group>"; };
		605680C22673B7EE008154B4 /* ComputeExchangeRateTest.swift */ = {isa = PBXFileReference; lastKnownFileType = sourcecode.swift; path = ComputeExchangeRateTest.swift; sourceTree = "<group>"; };
		605680C42673B991008154B4 /* ComputeExchangeRate.swift */ = {isa = PBXFileReference; lastKnownFileType = sourcecode.swift; path = ComputeExchangeRate.swift; sourceTree = "<group>"; };
		605680C62673BDDC008154B4 /* CurrencyValue.swift */ = {isa = PBXFileReference; lastKnownFileType = sourcecode.swift; path = CurrencyValue.swift; sourceTree = "<group>"; };
		605680C82673C079008154B4 /* ExchangeRateProvider.swift */ = {isa = PBXFileReference; lastKnownFileType = sourcecode.swift; path = ExchangeRateProvider.swift; sourceTree = "<group>"; };
		605680CC2673CFEF008154B4 /* ExchangeRateApi.swift */ = {isa = PBXFileReference; lastKnownFileType = sourcecode.swift; path = ExchangeRateApi.swift; sourceTree = "<group>"; };
		605680CE2673D21F008154B4 /* SupportedCurrencyResponse.swift */ = {isa = PBXFileReference; lastKnownFileType = sourcecode.swift; path = SupportedCurrencyResponse.swift; sourceTree = "<group>"; };
		605680D02673D3F3008154B4 /* ExchangeRateApiTest.swift */ = {isa = PBXFileReference; lastKnownFileType = sourcecode.swift; path = ExchangeRateApiTest.swift; sourceTree = "<group>"; };
		605680D22673D71A008154B4 /* LiveDataResponse.swift */ = {isa = PBXFileReference; lastKnownFileType = sourcecode.swift; path = LiveDataResponse.swift; sourceTree = "<group>"; };
		605680D42674CF21008154B4 /* ExchangeRateStore.swift */ = {isa = PBXFileReference; lastKnownFileType = sourcecode.swift; path = ExchangeRateStore.swift; sourceTree = "<group>"; };
		605680D62674CFFA008154B4 /* ExchangeRateStoreTest.swift */ = {isa = PBXFileReference; lastKnownFileType = sourcecode.swift; path = ExchangeRateStoreTest.swift; sourceTree = "<group>"; };
		605680D82674F54F008154B4 /* ExchangeRateProviderFactory.swift */ = {isa = PBXFileReference; lastKnownFileType = sourcecode.swift; path = ExchangeRateProviderFactory.swift; sourceTree = "<group>"; };
		605680DA2674F59A008154B4 /* ExchangeRateProviderTest.swift */ = {isa = PBXFileReference; lastKnownFileType = sourcecode.swift; path = ExchangeRateProviderTest.swift; sourceTree = "<group>"; };
		60AAD6BE2673B13000B550FC /* exchange.app */ = {isa = PBXFileReference; explicitFileType = wrapper.application; includeInIndex = 0; path = exchange.app; sourceTree = BUILT_PRODUCTS_DIR; };
		60AAD6C12673B13000B550FC /* AppDelegate.swift */ = {isa = PBXFileReference; lastKnownFileType = sourcecode.swift; path = AppDelegate.swift; sourceTree = "<group>"; };
		60AAD6C32673B13000B550FC /* SceneDelegate.swift */ = {isa = PBXFileReference; lastKnownFileType = sourcecode.swift; path = SceneDelegate.swift; sourceTree = "<group>"; };
		60AAD6C52673B13000B550FC /* ViewController.swift */ = {isa = PBXFileReference; lastKnownFileType = sourcecode.swift; path = ViewController.swift; sourceTree = "<group>"; };
		60AAD6C82673B13000B550FC /* Base */ = {isa = PBXFileReference; lastKnownFileType = file.storyboard; name = Base; path = Base.lproj/Main.storyboard; sourceTree = "<group>"; };
		60AAD6CA2673B13100B550FC /* Assets.xcassets */ = {isa = PBXFileReference; lastKnownFileType = folder.assetcatalog; path = Assets.xcassets; sourceTree = "<group>"; };
		60AAD6CD2673B13100B550FC /* Base */ = {isa = PBXFileReference; lastKnownFileType = file.storyboard; name = Base; path = Base.lproj/LaunchScreen.storyboard; sourceTree = "<group>"; };
		60AAD6CF2673B13100B550FC /* Info.plist */ = {isa = PBXFileReference; lastKnownFileType = text.plist.xml; path = Info.plist; sourceTree = "<group>"; };
		60AAD6D42673B13200B550FC /* exchangeTests.xctest */ = {isa = PBXFileReference; explicitFileType = wrapper.cfbundle; includeInIndex = 0; path = exchangeTests.xctest; sourceTree = BUILT_PRODUCTS_DIR; };
		60AAD6DA2673B13200B550FC /* Info.plist */ = {isa = PBXFileReference; lastKnownFileType = text.plist.xml; path = Info.plist; sourceTree = "<group>"; };
		60AAD6DF2673B13200B550FC /* exchangeUITests.xctest */ = {isa = PBXFileReference; explicitFileType = wrapper.cfbundle; includeInIndex = 0; path = exchangeUITests.xctest; sourceTree = BUILT_PRODUCTS_DIR; };
		60AAD6E32673B13200B550FC /* exchangeUITests.swift */ = {isa = PBXFileReference; lastKnownFileType = sourcecode.swift; path = exchangeUITests.swift; sourceTree = "<group>"; };
		60AAD6E52673B13200B550FC /* Info.plist */ = {isa = PBXFileReference; lastKnownFileType = text.plist.xml; path = Info.plist; sourceTree = "<group>"; };
/* End PBXFileReference section */

/* Begin PBXFrameworksBuildPhase section */
		60AAD6BB2673B12F00B550FC /* Frameworks */ = {
			isa = PBXFrameworksBuildPhase;
			buildActionMask = 2147483647;
			files = (
			);
			runOnlyForDeploymentPostprocessing = 0;
		};
		60AAD6D12673B13200B550FC /* Frameworks */ = {
			isa = PBXFrameworksBuildPhase;
			buildActionMask = 2147483647;
			files = (
			);
			runOnlyForDeploymentPostprocessing = 0;
		};
		60AAD6DC2673B13200B550FC /* Frameworks */ = {
			isa = PBXFrameworksBuildPhase;
			buildActionMask = 2147483647;
			files = (
			);
			runOnlyForDeploymentPostprocessing = 0;
		};
/* End PBXFrameworksBuildPhase section */

/* Begin PBXGroup section */
		600A0A792673B21A0036E848 /* Entities */ = {
			isa = PBXGroup;
			children = (
				600A0A752673B1CC0036E848 /* Currency.swift */,
				600A0A772673B1F00036E848 /* Quote.swift */,
				605680C42673B991008154B4 /* ComputeExchangeRate.swift */,
				605680C62673BDDC008154B4 /* CurrencyValue.swift */,
			);
			path = Entities;
			sourceTree = "<group>";
		};
		605680CA2673C225008154B4 /* Interactor */ = {
			isa = PBXGroup;
			children = (
				605680C82673C079008154B4 /* ExchangeRateProvider.swift */,
				605680D82674F54F008154B4 /* ExchangeRateProviderFactory.swift */,
			);
			path = Interactor;
			sourceTree = "<group>";
		};
		605680CB2673CFB6008154B4 /* Adapter */ = {
			isa = PBXGroup;
			children = (
				605680CC2673CFEF008154B4 /* ExchangeRateApi.swift */,
				605680CE2673D21F008154B4 /* SupportedCurrencyResponse.swift */,
				605680D22673D71A008154B4 /* LiveDataResponse.swift */,
				605680D42674CF21008154B4 /* ExchangeRateStore.swift */,
			);
			path = Adapter;
			sourceTree = "<group>";
		};
		60AAD6B52673B12F00B550FC = {
			isa = PBXGroup;
			children = (
				60AAD6C02673B13000B550FC /* exchange */,
				60AAD6D72673B13200B550FC /* exchangeTests */,
				60AAD6E22673B13200B550FC /* exchangeUITests */,
				60AAD6BF2673B13000B550FC /* Products */,
			);
			sourceTree = "<group>";
		};
		60AAD6BF2673B13000B550FC /* Products */ = {
			isa = PBXGroup;
			children = (
				60AAD6BE2673B13000B550FC /* exchange.app */,
				60AAD6D42673B13200B550FC /* exchangeTests.xctest */,
				60AAD6DF2673B13200B550FC /* exchangeUITests.xctest */,
			);
			name = Products;
			sourceTree = "<group>";
		};
		60AAD6C02673B13000B550FC /* exchange */ = {
			isa = PBXGroup;
			children = (
				605680CB2673CFB6008154B4 /* Adapter */,
				605680CA2673C225008154B4 /* Interactor */,
				600A0A792673B21A0036E848 /* Entities */,
				60AAD6C12673B13000B550FC /* AppDelegate.swift */,
				60AAD6C32673B13000B550FC /* SceneDelegate.swift */,
				60AAD6C52673B13000B550FC /* ViewController.swift */,
				60AAD6C72673B13000B550FC /* Main.storyboard */,
				60AAD6CA2673B13100B550FC /* Assets.xcassets */,
				60AAD6CC2673B13100B550FC /* LaunchScreen.storyboard */,
				60AAD6CF2673B13100B550FC /* Info.plist */,
			);
			path = exchange;
			sourceTree = "<group>";
		};
		60AAD6D72673B13200B550FC /* exchangeTests */ = {
			isa = PBXGroup;
			children = (
				60AAD6DA2673B13200B550FC /* Info.plist */,
				600A0A7C2673B2B40036E848 /* QuoteTest.swift */,
				605680C22673B7EE008154B4 /* ComputeExchangeRateTest.swift */,
				605680D02673D3F3008154B4 /* ExchangeRateApiTest.swift */,
				605680D62674CFFA008154B4 /* ExchangeRateStoreTest.swift */,
				605680DA2674F59A008154B4 /* ExchangeRateProviderTest.swift */,
			);
			path = exchangeTests;
			sourceTree = "<group>";
		};
		60AAD6E22673B13200B550FC /* exchangeUITests */ = {
			isa = PBXGroup;
			children = (
				60AAD6E32673B13200B550FC /* exchangeUITests.swift */,
				60AAD6E52673B13200B550FC /* Info.plist */,
			);
			path = exchangeUITests;
			sourceTree = "<group>";
		};
/* End PBXGroup section */

/* Begin PBXNativeTarget section */
		60AAD6BD2673B12F00B550FC /* exchange */ = {
			isa = PBXNativeTarget;
			buildConfigurationList = 60AAD6E82673B13200B550FC /* Build configuration list for PBXNativeTarget "exchange" */;
			buildPhases = (
				60AAD6BA2673B12F00B550FC /* Sources */,
				60AAD6BB2673B12F00B550FC /* Frameworks */,
				60AAD6BC2673B12F00B550FC /* Resources */,
			);
			buildRules = (
			);
			dependencies = (
			);
			name = exchange;
			productName = exchange;
			productReference = 60AAD6BE2673B13000B550FC /* exchange.app */;
			productType = "com.apple.product-type.application";
		};
		60AAD6D32673B13200B550FC /* exchangeTests */ = {
			isa = PBXNativeTarget;
			buildConfigurationList = 60AAD6EB2673B13200B550FC /* Build configuration list for PBXNativeTarget "exchangeTests" */;
			buildPhases = (
				60AAD6D02673B13200B550FC /* Sources */,
				60AAD6D12673B13200B550FC /* Frameworks */,
				60AAD6D22673B13200B550FC /* Resources */,
			);
			buildRules = (
			);
			dependencies = (
				60AAD6D62673B13200B550FC /* PBXTargetDependency */,
			);
			name = exchangeTests;
			productName = exchangeTests;
			productReference = 60AAD6D42673B13200B550FC /* exchangeTests.xctest */;
			productType = "com.apple.product-type.bundle.unit-test";
		};
		60AAD6DE2673B13200B550FC /* exchangeUITests */ = {
			isa = PBXNativeTarget;
			buildConfigurationList = 60AAD6EE2673B13200B550FC /* Build configuration list for PBXNativeTarget "exchangeUITests" */;
			buildPhases = (
				60AAD6DB2673B13200B550FC /* Sources */,
				60AAD6DC2673B13200B550FC /* Frameworks */,
				60AAD6DD2673B13200B550FC /* Resources */,
			);
			buildRules = (
			);
			dependencies = (
				60AAD6E12673B13200B550FC /* PBXTargetDependency */,
			);
			name = exchangeUITests;
			productName = exchangeUITests;
			productReference = 60AAD6DF2673B13200B550FC /* exchangeUITests.xctest */;
			productType = "com.apple.product-type.bundle.ui-testing";
		};
/* End PBXNativeTarget section */

/* Begin PBXProject section */
		60AAD6B62673B12F00B550FC /* Project object */ = {
			isa = PBXProject;
			attributes = {
				LastSwiftUpdateCheck = 1250;
				LastUpgradeCheck = 1250;
				TargetAttributes = {
					60AAD6BD2673B12F00B550FC = {
						CreatedOnToolsVersion = 12.5;
					};
					60AAD6D32673B13200B550FC = {
						CreatedOnToolsVersion = 12.5;
						TestTargetID = 60AAD6BD2673B12F00B550FC;
					};
					60AAD6DE2673B13200B550FC = {
						CreatedOnToolsVersion = 12.5;
						TestTargetID = 60AAD6BD2673B12F00B550FC;
					};
				};
			};
			buildConfigurationList = 60AAD6B92673B12F00B550FC /* Build configuration list for PBXProject "exchange" */;
			compatibilityVersion = "Xcode 9.3";
			developmentRegion = en;
			hasScannedForEncodings = 0;
			knownRegions = (
				en,
				Base,
			);
			mainGroup = 60AAD6B52673B12F00B550FC;
			productRefGroup = 60AAD6BF2673B13000B550FC /* Products */;
			projectDirPath = "";
			projectRoot = "";
			targets = (
				60AAD6BD2673B12F00B550FC /* exchange */,
				60AAD6D32673B13200B550FC /* exchangeTests */,
				60AAD6DE2673B13200B550FC /* exchangeUITests */,
			);
		};
/* End PBXProject section */

/* Begin PBXResourcesBuildPhase section */
		60AAD6BC2673B12F00B550FC /* Resources */ = {
			isa = PBXResourcesBuildPhase;
			buildActionMask = 2147483647;
			files = (
				60AAD6CE2673B13100B550FC /* LaunchScreen.storyboard in Resources */,
				60AAD6CB2673B13100B550FC /* Assets.xcassets in Resources */,
				60AAD6C92673B13000B550FC /* Main.storyboard in Resources */,
			);
			runOnlyForDeploymentPostprocessing = 0;
		};
		60AAD6D22673B13200B550FC /* Resources */ = {
			isa = PBXResourcesBuildPhase;
			buildActionMask = 2147483647;
			files = (
			);
			runOnlyForDeploymentPostprocessing = 0;
		};
		60AAD6DD2673B13200B550FC /* Resources */ = {
			isa = PBXResourcesBuildPhase;
			buildActionMask = 2147483647;
			files = (
			);
			runOnlyForDeploymentPostprocessing = 0;
		};
/* End PBXResourcesBuildPhase section */

/* Begin PBXSourcesBuildPhase section */
		60AAD6BA2673B12F00B550FC /* Sources */ = {
			isa = PBXSourcesBuildPhase;
			buildActionMask = 2147483647;
			files = (
				600A0A762673B1CC0036E848 /* Currency.swift in Sources */,
				60AAD6C62673B13000B550FC /* ViewController.swift in Sources */,
				605680D52674CF21008154B4 /* ExchangeRateStore.swift in Sources */,
				605680C52673B991008154B4 /* ComputeExchangeRate.swift in Sources */,
				605680D32673D71A008154B4 /* LiveDataResponse.swift in Sources */,
				60AAD6C22673B13000B550FC /* AppDelegate.swift in Sources */,
				600A0A782673B1F00036E848 /* Quote.swift in Sources */,
				60AAD6C42673B13000B550FC /* SceneDelegate.swift in Sources */,
				605680CF2673D21F008154B4 /* SupportedCurrencyResponse.swift in Sources */,
				605680C72673BDDC008154B4 /* CurrencyValue.swift in Sources */,
				605680D92674F54F008154B4 /* ExchangeRateProviderFactory.swift in Sources */,
				605680C92673C079008154B4 /* ExchangeRateProvider.swift in Sources */,
				605680CD2673CFEF008154B4 /* ExchangeRateApi.swift in Sources */,
			);
			runOnlyForDeploymentPostprocessing = 0;
		};
		60AAD6D02673B13200B550FC /* Sources */ = {
			isa = PBXSourcesBuildPhase;
			buildActionMask = 2147483647;
			files = (
				605680C32673B7EE008154B4 /* ComputeExchangeRateTest.swift in Sources */,
				605680D12673D3F3008154B4 /* ExchangeRateApiTest.swift in Sources */,
				605680D72674CFFA008154B4 /* ExchangeRateStoreTest.swift in Sources */,
				600A0A7D2673B2B40036E848 /* QuoteTest.swift in Sources */,
				605680DB2674F59A008154B4 /* ExchangeRateProviderTest.swift in Sources */,
			);
			runOnlyForDeploymentPostprocessing = 0;
		};
		60AAD6DB2673B13200B550FC /* Sources */ = {
			isa = PBXSourcesBuildPhase;
			buildActionMask = 2147483647;
			files = (
				60AAD6E42673B13200B550FC /* exchangeUITests.swift in Sources */,
			);
			runOnlyForDeploymentPostprocessing = 0;
		};
/* End PBXSourcesBuildPhase section */

/* Begin PBXTargetDependency section */
		60AAD6D62673B13200B550FC /* PBXTargetDependency */ = {
			isa = PBXTargetDependency;
			target = 60AAD6BD2673B12F00B550FC /* exchange */;
			targetProxy = 60AAD6D52673B13200B550FC /* PBXContainerItemProxy */;
		};
		60AAD6E12673B13200B550FC /* PBXTargetDependency */ = {
			isa = PBXTargetDependency;
			target = 60AAD6BD2673B12F00B550FC /* exchange */;
			targetProxy = 60AAD6E02673B13200B550FC /* PBXContainerItemProxy */;
		};
/* End PBXTargetDependency section */

/* Begin PBXVariantGroup section */
		60AAD6C72673B13000B550FC /* Main.storyboard */ = {
			isa = PBXVariantGroup;
			children = (
				60AAD6C82673B13000B550FC /* Base */,
			);
			name = Main.storyboard;
			sourceTree = "<group>";
		};
		60AAD6CC2673B13100B550FC /* LaunchScreen.storyboard */ = {
			isa = PBXVariantGroup;
			children = (
				60AAD6CD2673B13100B550FC /* Base */,
			);
			name = LaunchScreen.storyboard;
			sourceTree = "<group>";
		};
/* End PBXVariantGroup section */

/* Begin XCBuildConfiguration section */
		60AAD6E62673B13200B550FC /* Debug */ = {
			isa = XCBuildConfiguration;
			buildSettings = {
				ALWAYS_SEARCH_USER_PATHS = NO;
				CLANG_ANALYZER_NONNULL = YES;
				CLANG_ANALYZER_NUMBER_OBJECT_CONVERSION = YES_AGGRESSIVE;
				CLANG_CXX_LANGUAGE_STANDARD = "gnu++14";
				CLANG_CXX_LIBRARY = "libc++";
				CLANG_ENABLE_MODULES = YES;
				CLANG_ENABLE_OBJC_ARC = YES;
				CLANG_ENABLE_OBJC_WEAK = YES;
				CLANG_WARN_BLOCK_CAPTURE_AUTORELEASING = YES;
				CLANG_WARN_BOOL_CONVERSION = YES;
				CLANG_WARN_COMMA = YES;
				CLANG_WARN_CONSTANT_CONVERSION = YES;
				CLANG_WARN_DEPRECATED_OBJC_IMPLEMENTATIONS = YES;
				CLANG_WARN_DIRECT_OBJC_ISA_USAGE = YES_ERROR;
				CLANG_WARN_DOCUMENTATION_COMMENTS = YES;
				CLANG_WARN_EMPTY_BODY = YES;
				CLANG_WARN_ENUM_CONVERSION = YES;
				CLANG_WARN_INFINITE_RECURSION = YES;
				CLANG_WARN_INT_CONVERSION = YES;
				CLANG_WARN_NON_LITERAL_NULL_CONVERSION = YES;
				CLANG_WARN_OBJC_IMPLICIT_RETAIN_SELF = YES;
				CLANG_WARN_OBJC_LITERAL_CONVERSION = YES;
				CLANG_WARN_OBJC_ROOT_CLASS = YES_ERROR;
				CLANG_WARN_QUOTED_INCLUDE_IN_FRAMEWORK_HEADER = YES;
				CLANG_WARN_RANGE_LOOP_ANALYSIS = YES;
				CLANG_WARN_STRICT_PROTOTYPES = YES;
				CLANG_WARN_SUSPICIOUS_MOVE = YES;
				CLANG_WARN_UNGUARDED_AVAILABILITY = YES_AGGRESSIVE;
				CLANG_WARN_UNREACHABLE_CODE = YES;
				CLANG_WARN__DUPLICATE_METHOD_MATCH = YES;
				COPY_PHASE_STRIP = NO;
				DEBUG_INFORMATION_FORMAT = dwarf;
				ENABLE_STRICT_OBJC_MSGSEND = YES;
				ENABLE_TESTABILITY = YES;
				GCC_C_LANGUAGE_STANDARD = gnu11;
				GCC_DYNAMIC_NO_PIC = NO;
				GCC_NO_COMMON_BLOCKS = YES;
				GCC_OPTIMIZATION_LEVEL = 0;
				GCC_PREPROCESSOR_DEFINITIONS = (
					"DEBUG=1",
					"$(inherited)",
				);
				GCC_WARN_64_TO_32_BIT_CONVERSION = YES;
				GCC_WARN_ABOUT_RETURN_TYPE = YES_ERROR;
				GCC_WARN_UNDECLARED_SELECTOR = YES;
				GCC_WARN_UNINITIALIZED_AUTOS = YES_AGGRESSIVE;
				GCC_WARN_UNUSED_FUNCTION = YES;
				GCC_WARN_UNUSED_VARIABLE = YES;
				IPHONEOS_DEPLOYMENT_TARGET = 14.5;
				MTL_ENABLE_DEBUG_INFO = INCLUDE_SOURCE;
				MTL_FAST_MATH = YES;
				ONLY_ACTIVE_ARCH = YES;
				SDKROOT = iphoneos;
				SWIFT_ACTIVE_COMPILATION_CONDITIONS = DEBUG;
				SWIFT_OPTIMIZATION_LEVEL = "-Onone";
			};
			name = Debug;
		};
		60AAD6E72673B13200B550FC /* Release */ = {
			isa = XCBuildConfiguration;
			buildSettings = {
				ALWAYS_SEARCH_USER_PATHS = NO;
				CLANG_ANALYZER_NONNULL = YES;
				CLANG_ANALYZER_NUMBER_OBJECT_CONVERSION = YES_AGGRESSIVE;
				CLANG_CXX_LANGUAGE_STANDARD = "gnu++14";
				CLANG_CXX_LIBRARY = "libc++";
				CLANG_ENABLE_MODULES = YES;
				CLANG_ENABLE_OBJC_ARC = YES;
				CLANG_ENABLE_OBJC_WEAK = YES;
				CLANG_WARN_BLOCK_CAPTURE_AUTORELEASING = YES;
				CLANG_WARN_BOOL_CONVERSION = YES;
				CLANG_WARN_COMMA = YES;
				CLANG_WARN_CONSTANT_CONVERSION = YES;
				CLANG_WARN_DEPRECATED_OBJC_IMPLEMENTATIONS = YES;
				CLANG_WARN_DIRECT_OBJC_ISA_USAGE = YES_ERROR;
				CLANG_WARN_DOCUMENTATION_COMMENTS = YES;
				CLANG_WARN_EMPTY_BODY = YES;
				CLANG_WARN_ENUM_CONVERSION = YES;
				CLANG_WARN_INFINITE_RECURSION = YES;
				CLANG_WARN_INT_CONVERSION = YES;
				CLANG_WARN_NON_LITERAL_NULL_CONVERSION = YES;
				CLANG_WARN_OBJC_IMPLICIT_RETAIN_SELF = YES;
				CLANG_WARN_OBJC_LITERAL_CONVERSION = YES;
				CLANG_WARN_OBJC_ROOT_CLASS = YES_ERROR;
				CLANG_WARN_QUOTED_INCLUDE_IN_FRAMEWORK_HEADER = YES;
				CLANG_WARN_RANGE_LOOP_ANALYSIS = YES;
				CLANG_WARN_STRICT_PROTOTYPES = YES;
				CLANG_WARN_SUSPICIOUS_MOVE = YES;
				CLANG_WARN_UNGUARDED_AVAILABILITY = YES_AGGRESSIVE;
				CLANG_WARN_UNREACHABLE_CODE = YES;
				CLANG_WARN__DUPLICATE_METHOD_MATCH = YES;
				COPY_PHASE_STRIP = NO;
				DEBUG_INFORMATION_FORMAT = "dwarf-with-dsym";
				ENABLE_NS_ASSERTIONS = NO;
				ENABLE_STRICT_OBJC_MSGSEND = YES;
				GCC_C_LANGUAGE_STANDARD = gnu11;
				GCC_NO_COMMON_BLOCKS = YES;
				GCC_WARN_64_TO_32_BIT_CONVERSION = YES;
				GCC_WARN_ABOUT_RETURN_TYPE = YES_ERROR;
				GCC_WARN_UNDECLARED_SELECTOR = YES;
				GCC_WARN_UNINITIALIZED_AUTOS = YES_AGGRESSIVE;
				GCC_WARN_UNUSED_FUNCTION = YES;
				GCC_WARN_UNUSED_VARIABLE = YES;
				IPHONEOS_DEPLOYMENT_TARGET = 14.5;
				MTL_ENABLE_DEBUG_INFO = NO;
				MTL_FAST_MATH = YES;
				SDKROOT = iphoneos;
				SWIFT_COMPILATION_MODE = wholemodule;
				SWIFT_OPTIMIZATION_LEVEL = "-O";
				VALIDATE_PRODUCT = YES;
			};
			name = Release;
		};
		60AAD6E92673B13200B550FC /* Debug */ = {
			isa = XCBuildConfiguration;
			buildSettings = {
				ASSETCATALOG_COMPILER_APPICON_NAME = AppIcon;
				ASSETCATALOG_COMPILER_GLOBAL_ACCENT_COLOR_NAME = AccentColor;
				CODE_SIGN_STYLE = Automatic;
				INFOPLIST_FILE = exchange/Info.plist;
				LD_RUNPATH_SEARCH_PATHS = (
					"$(inherited)",
					"@executable_path/Frameworks",
				);
				PRODUCT_BUNDLE_IDENTIFIER = com.dz.exchange;
				PRODUCT_NAME = "$(TARGET_NAME)";
				SWIFT_VERSION = 5.0;
				TARGETED_DEVICE_FAMILY = "1,2";
			};
			name = Debug;
		};
		60AAD6EA2673B13200B550FC /* Release */ = {
			isa = XCBuildConfiguration;
			buildSettings = {
				ASSETCATALOG_COMPILER_APPICON_NAME = AppIcon;
				ASSETCATALOG_COMPILER_GLOBAL_ACCENT_COLOR_NAME = AccentColor;
				CODE_SIGN_STYLE = Automatic;
				INFOPLIST_FILE = exchange/Info.plist;
				LD_RUNPATH_SEARCH_PATHS = (
					"$(inherited)",
					"@executable_path/Frameworks",
				);
				PRODUCT_BUNDLE_IDENTIFIER = com.dz.exchange;
				PRODUCT_NAME = "$(TARGET_NAME)";
				SWIFT_VERSION = 5.0;
				TARGETED_DEVICE_FAMILY = "1,2";
			};
			name = Release;
		};
		60AAD6EC2673B13200B550FC /* Debug */ = {
			isa = XCBuildConfiguration;
			buildSettings = {
				ALWAYS_EMBED_SWIFT_STANDARD_LIBRARIES = YES;
				BUNDLE_LOADER = "$(TEST_HOST)";
				CODE_SIGN_STYLE = Automatic;
				INFOPLIST_FILE = exchangeTests/Info.plist;
				IPHONEOS_DEPLOYMENT_TARGET = 14.5;
				LD_RUNPATH_SEARCH_PATHS = (
					"$(inherited)",
					"@executable_path/Frameworks",
					"@loader_path/Frameworks",
				);
				PRODUCT_BUNDLE_IDENTIFIER = com.dz.exchangeTests;
				PRODUCT_NAME = "$(TARGET_NAME)";
				SWIFT_VERSION = 5.0;
				TARGETED_DEVICE_FAMILY = "1,2";
				TEST_HOST = "$(BUILT_PRODUCTS_DIR)/exchange.app/exchange";
			};
			name = Debug;
		};
		60AAD6ED2673B13200B550FC /* Release */ = {
			isa = XCBuildConfiguration;
			buildSettings = {
				ALWAYS_EMBED_SWIFT_STANDARD_LIBRARIES = YES;
				BUNDLE_LOADER = "$(TEST_HOST)";
				CODE_SIGN_STYLE = Automatic;
				INFOPLIST_FILE = exchangeTests/Info.plist;
				IPHONEOS_DEPLOYMENT_TARGET = 14.5;
				LD_RUNPATH_SEARCH_PATHS = (
					"$(inherited)",
					"@executable_path/Frameworks",
					"@loader_path/Frameworks",
				);
				PRODUCT_BUNDLE_IDENTIFIER = com.dz.exchangeTests;
				PRODUCT_NAME = "$(TARGET_NAME)";
				SWIFT_VERSION = 5.0;
				TARGETED_DEVICE_FAMILY = "1,2";
				TEST_HOST = "$(BUILT_PRODUCTS_DIR)/exchange.app/exchange";
			};
			name = Release;
		};
		60AAD6EF2673B13200B550FC /* Debug */ = {
			isa = XCBuildConfiguration;
			buildSettings = {
				ALWAYS_EMBED_SWIFT_STANDARD_LIBRARIES = YES;
				CODE_SIGN_STYLE = Automatic;
				INFOPLIST_FILE = exchangeUITests/Info.plist;
				LD_RUNPATH_SEARCH_PATHS = (
					"$(inherited)",
					"@executable_path/Frameworks",
					"@loader_path/Frameworks",
				);
				PRODUCT_BUNDLE_IDENTIFIER = com.dz.exchangeUITests;
				PRODUCT_NAME = "$(TARGET_NAME)";
				SWIFT_VERSION = 5.0;
				TARGETED_DEVICE_FAMILY = "1,2";
				TEST_TARGET_NAME = exchange;
			};
			name = Debug;
		};
		60AAD6F02673B13200B550FC /* Release */ = {
			isa = XCBuildConfiguration;
			buildSettings = {
				ALWAYS_EMBED_SWIFT_STANDARD_LIBRARIES = YES;
				CODE_SIGN_STYLE = Automatic;
				INFOPLIST_FILE = exchangeUITests/Info.plist;
				LD_RUNPATH_SEARCH_PATHS = (
					"$(inherited)",
					"@executable_path/Frameworks",
					"@loader_path/Frameworks",
				);
				PRODUCT_BUNDLE_IDENTIFIER = com.dz.exchangeUITests;
				PRODUCT_NAME = "$(TARGET_NAME)";
				SWIFT_VERSION = 5.0;
				TARGETED_DEVICE_FAMILY = "1,2";
				TEST_TARGET_NAME = exchange;
			};
			name = Release;
		};
/* End XCBuildConfiguration section */

/* Begin XCConfigurationList section */
		60AAD6B92673B12F00B550FC /* Build configuration list for PBXProject "exchange" */ = {
			isa = XCConfigurationList;
			buildConfigurations = (
				60AAD6E62673B13200B550FC /* Debug */,
				60AAD6E72673B13200B550FC /* Release */,
			);
			defaultConfigurationIsVisible = 0;
			defaultConfigurationName = Release;
		};
		60AAD6E82673B13200B550FC /* Build configuration list for PBXNativeTarget "exchange" */ = {
			isa = XCConfigurationList;
			buildConfigurations = (
				60AAD6E92673B13200B550FC /* Debug */,
				60AAD6EA2673B13200B550FC /* Release */,
			);
			defaultConfigurationIsVisible = 0;
			defaultConfigurationName = Release;
		};
		60AAD6EB2673B13200B550FC /* Build configuration list for PBXNativeTarget "exchangeTests" */ = {
			isa = XCConfigurationList;
			buildConfigurations = (
				60AAD6EC2673B13200B550FC /* Debug */,
				60AAD6ED2673B13200B550FC /* Release */,
			);
			defaultConfigurationIsVisible = 0;
			defaultConfigurationName = Release;
		};
		60AAD6EE2673B13200B550FC /* Build configuration list for PBXNativeTarget "exchangeUITests" */ = {
			isa = XCConfigurationList;
			buildConfigurations = (
				60AAD6EF2673B13200B550FC /* Debug */,
				60AAD6F02673B13200B550FC /* Release */,
			);
			defaultConfigurationIsVisible = 0;
			defaultConfigurationName = Release;
		};
/* End XCConfigurationList section */
	};
	rootObject = 60AAD6B62673B12F00B550FC /* Project object */;
}
